
Microsoft Visual Studio Solution File, Format Version 12.00
# Visual Studio Version 17
VisualStudioVersion = 17.0.31903.59
MinimumVisualStudioVersion = 10.0.40219.1
Project("{2150E333-8FDC-42A3-9474-1A3956D46DE8}") = "src", "src", "{73E6D45C-BCB0-4744-A77E-F5B418FF4CC9}"
EndProject
Project("{FAE04EC0-301F-11D3-BF4B-00C04F79EFBC}") = "Dungeon", "src\Dungeon\Dungeon.csproj", "{543F5A99-FDC6-4672-8E67-C7F0B7345548}"
EndProject
Global
	GlobalSection(SolutionConfigurationPlatforms) = preSolution
		Debug|Any CPU = Debug|Any CPU
		Release|Any CPU = Release|Any CPU
	EndGlobalSection
	GlobalSection(SolutionProperties) = preSolution
		HideSolutionNode = FALSE
	EndGlobalSection
	GlobalSection(ProjectConfigurationPlatforms) = postSolution
		{543F5A99-FDC6-4672-8E67-C7F0B7345548}.Debug|Any CPU.ActiveCfg = Debug|Any CPU
		{543F5A99-FDC6-4672-8E67-C7F0B7345548}.Debug|Any CPU.Build.0 = Debug|Any CPU
		{543F5A99-FDC6-4672-8E67-C7F0B7345548}.Release|Any CPU.ActiveCfg = Debug|Any CPU
		{543F5A99-FDC6-4672-8E67-C7F0B7345548}.Release|Any CPU.Build.0 = Debug|Any CPU
	EndGlobalSection
	GlobalSection(NestedProjects) = preSolution
		{543F5A99-FDC6-4672-8E67-C7F0B7345548} = {73E6D45C-BCB0-4744-A77E-F5B418FF4CC9}
	EndGlobalSection
EndGlobal
